
Microsoft Visual Studio Solution File, Format Version 12.00
# Visual Studio Version 17
VisualStudioVersion = 17.4.33213.308
MinimumVisualStudioVersion = 10.0.40219.1
Project("{FAE04EC0-301F-11D3-BF4B-00C04F79EFBC}") = "eokul", "eokul\eokul.csproj", "{566E4A31-FBFB-43AE-BF8D-16DDD0DFC31E}"
EndProject
Global
	GlobalSection(SolutionConfigurationPlatforms) = preSolution
		Debug|Any CPU = Debug|Any CPU
		Release|Any CPU = Release|Any CPU
	EndGlobalSection
	GlobalSection(ProjectConfigurationPlatforms) = postSolution
		{566E4A31-FBFB-43AE-BF8D-16DDD0DFC31E}.Debug|Any CPU.ActiveCfg = Debug|Any CPU
		{566E4A31-FBFB-43AE-BF8D-16DDD0DFC31E}.Debug|Any CPU.Build.0 = Debug|Any CPU
		{566E4A31-FBFB-43AE-BF8D-16DDD0DFC31E}.Release|Any CPU.ActiveCfg = Release|Any CPU
		{566E4A31-FBFB-43AE-BF8D-16DDD0DFC31E}.Release|Any CPU.Build.0 = Release|Any CPU
	EndGlobalSection
	GlobalSection(SolutionProperties) = preSolution
		HideSolutionNode = FALSE
	EndGlobalSection
	GlobalSection(ExtensibilityGlobals) = postSolution
		SolutionGuid = {1EFC8440-740D-44CB-9109-5181AE37E858}
	EndGlobalSection
EndGlobal
